
Microsoft Visual Studio Solution File, Format Version 12.00
# Visual Studio Version 16
VisualStudioVersion = 16.0.31229.75
MinimumVisualStudioVersion = 10.0.40219.1
Project("{9A19103F-16F7-4668-BE54-9A1E7A4F7556}") = "CSharp9NewFeatures", "CSharp9NewFeatures\CSharp9NewFeatures.csproj", "{BC35A847-CD18-43B8-8F94-D871FCA80CD2}"
EndProject
Global
	GlobalSection(SolutionConfigurationPlatforms) = preSolution
		Debug|Any CPU = Debug|Any CPU
		Release|Any CPU = Release|Any CPU
	EndGlobalSection
	GlobalSection(ProjectConfigurationPlatforms) = postSolution
		{BC35A847-CD18-43B8-8F94-D871FCA80CD2}.Debug|Any CPU.ActiveCfg = Debug|Any CPU
		{BC35A847-CD18-43B8-8F94-D871FCA80CD2}.Debug|Any CPU.Build.0 = Debug|Any CPU
		{BC35A847-CD18-43B8-8F94-D871FCA80CD2}.Release|Any CPU.ActiveCfg = Release|Any CPU
		{BC35A847-CD18-43B8-8F94-D871FCA80CD2}.Release|Any CPU.Build.0 = Release|Any CPU
	EndGlobalSection
	GlobalSection(SolutionProperties) = preSolution
		HideSolutionNode = FALSE
	EndGlobalSection
	GlobalSection(ExtensibilityGlobals) = postSolution
		SolutionGuid = {06250F36-798F-46A0-A267-9075A873E5B9}
	EndGlobalSection
EndGlobal
